# THIS IS AN AUTOGENERATED FILE. DO NOT EDIT THIS FILE DIRECTLY.
# yarn lockfile v1


"@prisma/debug@6.1.0":
  version "6.1.0"
  resolved "https://registry.yarnpkg.com/@prisma/debug/-/debug-6.1.0.tgz#a27a1d144f72a3bc95061ecb0255e7554d9d59ec"
  integrity sha512-0himsvcM4DGBTtvXkd2Tggv6sl2JyUYLzEGXXleFY+7Kp6rZeSS3hiTW9mwtUlXrwYbJP6pwlVNB7jYElrjWUg==

"@prisma/engines-version@6.1.0-21.11f085a2012c0f4778414c8db2651556ee0ef959":
  version "6.1.0-21.11f085a2012c0f4778414c8db2651556ee0ef959"
  resolved "https://registry.yarnpkg.com/@prisma/engines-version/-/engines-version-6.1.0-21.11f085a2012c0f4778414c8db2651556ee0ef959.tgz#0b21ebf57362ffe35d0760c39855f90bbfa0f2fd"
  integrity sha512-PdJqmYM2Fd8K0weOOtQThWylwjsDlTig+8Pcg47/jszMuLL9iLIaygC3cjWJLda69siRW4STlCTMSgOjZzvKPQ==

"@prisma/engines@6.1.0":
  version "6.1.0"
  resolved "https://registry.yarnpkg.com/@prisma/engines/-/engines-6.1.0.tgz#2195244a8ce33839a8131e4465624e21d1f8d042"
  integrity sha512-GnYJbCiep3Vyr1P/415ReYrgJUjP79fBNc1wCo7NP6Eia0CzL2Ot9vK7Infczv3oK7JLrCcawOSAxFxNFsAERQ==
  dependencies:
    "@prisma/debug" "6.1.0"
    "@prisma/engines-version" "6.1.0-21.11f085a2012c0f4778414c8db2651556ee0ef959"
    "@prisma/fetch-engine" "6.1.0"
    "@prisma/get-platform" "6.1.0"

"@prisma/fetch-engine@6.1.0":
  version "6.1.0"
  resolved "https://registry.yarnpkg.com/@prisma/fetch-engine/-/fetch-engine-6.1.0.tgz#2a5174787bf57c9b1d5d400bb923e0dc6a73a794"
  integrity sha512-asdFi7TvPlEZ8CzSZ/+Du5wZ27q6OJbRSXh+S8ISZguu+S9KtS/gP7NeXceZyb1Jv1SM1S5YfiCv+STDsG6rrg==
  dependencies:
    "@prisma/debug" "6.1.0"
    "@prisma/engines-version" "6.1.0-21.11f085a2012c0f4778414c8db2651556ee0ef959"
    "@prisma/get-platform" "6.1.0"

"@prisma/get-platform@6.1.0":
  version "6.1.0"
  resolved "https://registry.yarnpkg.com/@prisma/get-platform/-/get-platform-6.1.0.tgz#d4394a24ef91af6675a92382ed40e6e6e07eeb13"
  integrity sha512-ia8bNjboBoHkmKGGaWtqtlgQOhCi7+f85aOkPJKgNwWvYrT6l78KgojLekE8zMhVk0R9lWcifV0Pf8l3/15V0Q==
  dependencies:
    "@prisma/debug" "6.1.0"

"@types/validator@^13.11.8":
  version "13.12.2"
  resolved "https://registry.yarnpkg.com/@types/validator/-/validator-13.12.2.tgz#760329e756e18a4aab82fc502b51ebdfebbe49f5"
  integrity sha512-6SlHBzUW8Jhf3liqrGGXyTJSIFe4nqlJ5A5KaMZ2l/vbM3Wh3KSybots/wfWVzNLK4D1NZluDlSQIbIEPx6oyA==

class-transformer@^0.5.1:
  version "0.5.1"
  resolved "https://registry.yarnpkg.com/class-transformer/-/class-transformer-0.5.1.tgz#24147d5dffd2a6cea930a3250a677addf96ab336"
  integrity sha512-SQa1Ws6hUbfC98vKGxZH3KFY0Y1lm5Zm0SY8XX9zbK7FJCyVEac3ATW0RIpwzW+oOfmHE5PMPufDG9hCfoEOMw==

class-validator@^0.14.1:
  version "0.14.1"
  resolved "https://registry.yarnpkg.com/class-validator/-/class-validator-0.14.1.tgz#ff2411ed8134e9d76acfeb14872884448be98110"
  integrity sha512-2VEG9JICxIqTpoK1eMzZqaV+u/EiwEJkMGzTrZf6sU/fwsnOITVgYJ8yojSy6CaXtO9V0Cc6ZQZ8h8m4UBuLwQ==
  dependencies:
    "@types/validator" "^13.11.8"
    libphonenumber-js "^1.10.53"
    validator "^13.9.0"

fsevents@2.3.3:
  version "2.3.3"
  resolved "https://registry.yarnpkg.com/fsevents/-/fsevents-2.3.3.tgz#cac6407785d03675a2a5e1a5305c697b347d90d6"
  integrity sha512-5xoDfX+fL7faATnagmWPpbFtwh/R77WmMMqqHGS65C3vvB0YHrgF+B1YmZ3441tMj5n63k0212XNoJwzlhffQw==

libphonenumber-js@^1.10.53:
  version "1.11.17"
  resolved "https://registry.yarnpkg.com/libphonenumber-js/-/libphonenumber-js-1.11.17.tgz#37ddbf16dc4dd45c723a150996c253c58dad034b"
  integrity sha512-Jr6v8thd5qRlOlc6CslSTzGzzQW03uiscab7KHQZX1Dfo4R6n6FDhZ0Hri6/X7edLIDv9gl4VMZXhxTjLnl0VQ==

prisma@^6.1.0:
  version "6.1.0"
  resolved "https://registry.yarnpkg.com/prisma/-/prisma-6.1.0.tgz#738f657fdd5ab8e6775f385db81bf7e61c70fbaf"
  integrity sha512-aFI3Yi+ApUxkwCJJwyQSwpyzUX7YX3ihzuHNHOyv4GJg3X5tQsmRaJEnZ+ZyfHpMtnyahhmXVfbTZ+lS8ZtfKw==
  dependencies:
    "@prisma/engines" "6.1.0"
  optionalDependencies:
    fsevents "2.3.3"

validator@^13.9.0:
  version "13.12.0"
  resolved "https://registry.yarnpkg.com/validator/-/validator-13.12.0.tgz#7d78e76ba85504da3fee4fd1922b385914d4b35f"
  integrity sha512-c1Q0mCiPlgdTVVVIJIrBuxNicYE+t/7oKeI9MWLj3fh/uq2Pxh/3eeWbVZ4OcGW1TUf53At0njHw5SMdA3tmMg==
