# THIS IS AN AUTOGENERATED FILE. DO NOT EDIT THIS FILE DIRECTLY.
# yarn lockfile v1


"@prisma/debug@6.1.0":
  version "6.1.0"
  resolved "https://registry.npmjs.org/@prisma/debug/-/debug-6.1.0.tgz"
  integrity sha512-0himsvcM4DGBTtvXkd2Tggv6sl2JyUYLzEGXXleFY+7Kp6rZeSS3hiTW9mwtUlXrwYbJP6pwlVNB7jYElrjWUg==

"@prisma/engines-version@6.1.0-21.11f085a2012c0f4778414c8db2651556ee0ef959":
  version "6.1.0-21.11f085a2012c0f4778414c8db2651556ee0ef959"
  resolved "https://registry.npmjs.org/@prisma/engines-version/-/engines-version-6.1.0-21.11f085a2012c0f4778414c8db2651556ee0ef959.tgz"
  integrity sha512-PdJqmYM2Fd8K0weOOtQThWylwjsDlTig+8Pcg47/jszMuLL9iLIaygC3cjWJLda69siRW4STlCTMSgOjZzvKPQ==

"@prisma/engines@6.1.0":
  version "6.1.0"
  resolved "https://registry.npmjs.org/@prisma/engines/-/engines-6.1.0.tgz"
  integrity sha512-GnYJbCiep3Vyr1P/415ReYrgJUjP79fBNc1wCo7NP6Eia0CzL2Ot9vK7Infczv3oK7JLrCcawOSAxFxNFsAERQ==
  dependencies:
    "@prisma/debug" "6.1.0"
    "@prisma/engines-version" "6.1.0-21.11f085a2012c0f4778414c8db2651556ee0ef959"
    "@prisma/fetch-engine" "6.1.0"
    "@prisma/get-platform" "6.1.0"

"@prisma/fetch-engine@6.1.0":
  version "6.1.0"
  resolved "https://registry.npmjs.org/@prisma/fetch-engine/-/fetch-engine-6.1.0.tgz"
  integrity sha512-asdFi7TvPlEZ8CzSZ/+Du5wZ27q6OJbRSXh+S8ISZguu+S9KtS/gP7NeXceZyb1Jv1SM1S5YfiCv+STDsG6rrg==
  dependencies:
    "@prisma/debug" "6.1.0"
    "@prisma/engines-version" "6.1.0-21.11f085a2012c0f4778414c8db2651556ee0ef959"
    "@prisma/get-platform" "6.1.0"

"@prisma/get-platform@6.1.0":
  version "6.1.0"
  resolved "https://registry.npmjs.org/@prisma/get-platform/-/get-platform-6.1.0.tgz"
  integrity sha512-ia8bNjboBoHkmKGGaWtqtlgQOhCi7+f85aOkPJKgNwWvYrT6l78KgojLekE8zMhVk0R9lWcifV0Pf8l3/15V0Q==
  dependencies:
    "@prisma/debug" "6.1.0"

"@types/cookie-parser@^1.4.8":
  version "1.4.8"
  resolved "https://registry.npmjs.org/@types/cookie-parser/-/cookie-parser-1.4.8.tgz"
  integrity sha512-l37JqFrOJ9yQfRQkljb41l0xVphc7kg5JTjjr+pLRZ0IyZ49V4BQ8vbF4Ut2C2e+WH4al3xD3ZwYwIUfnbT4NQ==

"@types/validator@^13.11.8":
  version "13.12.2"
  resolved "https://registry.npmjs.org/@types/validator/-/validator-13.12.2.tgz"
  integrity sha512-6SlHBzUW8Jhf3liqrGGXyTJSIFe4nqlJ5A5KaMZ2l/vbM3Wh3KSybots/wfWVzNLK4D1NZluDlSQIbIEPx6oyA==

class-transformer@^0.5.1:
  version "0.5.1"
  resolved "https://registry.npmjs.org/class-transformer/-/class-transformer-0.5.1.tgz"
  integrity sha512-SQa1Ws6hUbfC98vKGxZH3KFY0Y1lm5Zm0SY8XX9zbK7FJCyVEac3ATW0RIpwzW+oOfmHE5PMPufDG9hCfoEOMw==

class-validator@^0.14.1:
  version "0.14.1"
  resolved "https://registry.npmjs.org/class-validator/-/class-validator-0.14.1.tgz"
  integrity sha512-2VEG9JICxIqTpoK1eMzZqaV+u/EiwEJkMGzTrZf6sU/fwsnOITVgYJ8yojSy6CaXtO9V0Cc6ZQZ8h8m4UBuLwQ==
  dependencies:
    "@types/validator" "^13.11.8"
    libphonenumber-js "^1.10.53"
    validator "^13.9.0"

cookie-parser@^1.4.7:
  version "1.4.7"
  resolved "https://registry.npmjs.org/cookie-parser/-/cookie-parser-1.4.7.tgz"
  integrity sha512-nGUvgXnotP3BsjiLX2ypbQnWoGUPIIfHQNZkkC668ntrzGWEZVW70HDEB1qnNGMicPje6EttlIgzo51YSwNQGw==
  dependencies:
    cookie "0.7.2"
    cookie-signature "1.0.6"

cookie-signature@1.0.6:
  version "1.0.6"
  resolved "https://registry.npmjs.org/cookie-signature/-/cookie-signature-1.0.6.tgz"
  integrity sha512-QADzlaHc8icV8I7vbaJXJwod9HWYp8uCqf1xa4OfNu1T7JVxQIrUgOWtHdNDtPiywmFbiS12VjotIXLrKM3orQ==

cookie@0.7.2:
  version "0.7.2"
  resolved "https://registry.npmjs.org/cookie/-/cookie-0.7.2.tgz"
  integrity sha512-yki5XnKuf750l50uGTllt6kKILY4nQ1eNIQatoXEByZ5dWgnKqbnqmTrBE5B4N7lrMJKQ2ytWMiTO2o0v6Ew/w==

fsevents@2.3.3:
  version "2.3.3"
  resolved "https://registry.npmjs.org/fsevents/-/fsevents-2.3.3.tgz"
  integrity sha512-5xoDfX+fL7faATnagmWPpbFtwh/R77WmMMqqHGS65C3vvB0YHrgF+B1YmZ3441tMj5n63k0212XNoJwzlhffQw==

libphonenumber-js@^1.10.53:
  version "1.11.17"
  resolved "https://registry.npmjs.org/libphonenumber-js/-/libphonenumber-js-1.11.17.tgz"
  integrity sha512-Jr6v8thd5qRlOlc6CslSTzGzzQW03uiscab7KHQZX1Dfo4R6n6FDhZ0Hri6/X7edLIDv9gl4VMZXhxTjLnl0VQ==

prisma@^6.1.0:
  version "6.1.0"
  resolved "https://registry.npmjs.org/prisma/-/prisma-6.1.0.tgz"
  integrity sha512-aFI3Yi+ApUxkwCJJwyQSwpyzUX7YX3ihzuHNHOyv4GJg3X5tQsmRaJEnZ+ZyfHpMtnyahhmXVfbTZ+lS8ZtfKw==
  dependencies:
    "@prisma/engines" "6.1.0"
  optionalDependencies:
    fsevents "2.3.3"

validator@^13.9.0:
  version "13.12.0"
  resolved "https://registry.npmjs.org/validator/-/validator-13.12.0.tgz"
  integrity sha512-c1Q0mCiPlgdTVVVIJIrBuxNicYE+t/7oKeI9MWLj3fh/uq2Pxh/3eeWbVZ4OcGW1TUf53At0njHw5SMdA3tmMg==
